
Microsoft Visual Studio Solution File, Format Version 12.00
# Visual Studio Version 16
VisualStudioVersion = 16.0.30406.217
MinimumVisualStudioVersion = 10.0.40219.1
Project("{FAE04EC0-301F-11D3-BF4B-00C04F79EFBC}") = "AlbumDeFotos", "AlbumDeFotos\AlbumDeFotos.csproj", "{7BD4364A-74F9-4721-B50F-74910375B759}"
EndProject
Global
	GlobalSection(SolutionConfigurationPlatforms) = preSolution
		Debug|Any CPU = Debug|Any CPU
		Release|Any CPU = Release|Any CPU
	EndGlobalSection
	GlobalSection(ProjectConfigurationPlatforms) = postSolution
		{7BD4364A-74F9-4721-B50F-74910375B759}.Debug|Any CPU.ActiveCfg = Debug|Any CPU
		{7BD4364A-74F9-4721-B50F-74910375B759}.Debug|Any CPU.Build.0 = Debug|Any CPU
		{7BD4364A-74F9-4721-B50F-74910375B759}.Release|Any CPU.ActiveCfg = Release|Any CPU
		{7BD4364A-74F9-4721-B50F-74910375B759}.Release|Any CPU.Build.0 = Release|Any CPU
	EndGlobalSection
	GlobalSection(SolutionProperties) = preSolution
		HideSolutionNode = FALSE
	EndGlobalSection
	GlobalSection(ExtensibilityGlobals) = postSolution
		SolutionGuid = {D015AC25-2BEB-4D74-80F5-ED06F1039A4E}
	EndGlobalSection
EndGlobal
